
Microsoft Visual Studio Solution File, Format Version 12.00
# Visual Studio Version 17
VisualStudioVersion = 17.3.32825.248
MinimumVisualStudioVersion = 10.0.40219.1
Project("{FAE04EC0-301F-11D3-BF4B-00C04F79EFBC}") = "CDictionary", "CDictionary\CDictionary.csproj", "{2B83FD12-FD40-4EF9-80A8-FC928B41BE07}"
EndProject
Global
	GlobalSection(SolutionConfigurationPlatforms) = preSolution
		Debug|Any CPU = Debug|Any CPU
		Release|Any CPU = Release|Any CPU
	EndGlobalSection
	GlobalSection(ProjectConfigurationPlatforms) = postSolution
		{2B83FD12-FD40-4EF9-80A8-FC928B41BE07}.Debug|Any CPU.ActiveCfg = Debug|Any CPU
		{2B83FD12-FD40-4EF9-80A8-FC928B41BE07}.Debug|Any CPU.Build.0 = Debug|Any CPU
		{2B83FD12-FD40-4EF9-80A8-FC928B41BE07}.Release|Any CPU.ActiveCfg = Release|Any CPU
		{2B83FD12-FD40-4EF9-80A8-FC928B41BE07}.Release|Any CPU.Build.0 = Release|Any CPU
	EndGlobalSection
	GlobalSection(SolutionProperties) = preSolution
		HideSolutionNode = FALSE
	EndGlobalSection
	GlobalSection(ExtensibilityGlobals) = postSolution
		SolutionGuid = {5D14AA7A-9998-426B-A323-B077128D1773}
	EndGlobalSection
EndGlobal
